
Microsoft Visual Studio Solution File, Format Version 12.00
# Visual Studio 15
VisualStudioVersion = 15.0.27130.2010
MinimumVisualStudioVersion = 10.0.40219.1
Project("{FAE04EC0-301F-11D3-BF4B-00C04F79EFBC}") = "Huta", "Huta.csproj", "{F78B125E-65D7-4481-A575-BCFF9AD4A767}"
EndProject
Project("{FAE04EC0-301F-11D3-BF4B-00C04F79EFBC}") = "Lidgren.Network", "Lidgren.Network\Lidgren.Network.csproj", "{49BA1C69-6104-41AC-A5D8-B54FA9F696E8}"
EndProject
Project("{FAE04EC0-301F-11D3-BF4B-00C04F79EFBC}") = "MySql.Data", "MySql.Data\MySql.Data.csproj", "{E9DF5ED1-4CBD-4226-B931-9A51610AC14D}"
EndProject
Global
	GlobalSection(SolutionConfigurationPlatforms) = preSolution
		Debug|Any CPU = Debug|Any CPU
		Release|Any CPU = Release|Any CPU
		ReleaseNET40_Only|Any CPU = ReleaseNET40_Only|Any CPU
	EndGlobalSection
	GlobalSection(ProjectConfigurationPlatforms) = postSolution
		{F78B125E-65D7-4481-A575-BCFF9AD4A767}.Debug|Any CPU.ActiveCfg = Debug|Any CPU
		{F78B125E-65D7-4481-A575-BCFF9AD4A767}.Debug|Any CPU.Build.0 = Debug|Any CPU
		{F78B125E-65D7-4481-A575-BCFF9AD4A767}.Release|Any CPU.ActiveCfg = Release|Any CPU
		{F78B125E-65D7-4481-A575-BCFF9AD4A767}.Release|Any CPU.Build.0 = Release|Any CPU
		{F78B125E-65D7-4481-A575-BCFF9AD4A767}.ReleaseNET40_Only|Any CPU.ActiveCfg = Release|Any CPU
		{F78B125E-65D7-4481-A575-BCFF9AD4A767}.ReleaseNET40_Only|Any CPU.Build.0 = Release|Any CPU
		{49BA1C69-6104-41AC-A5D8-B54FA9F696E8}.Debug|Any CPU.ActiveCfg = Debug|Any CPU
		{49BA1C69-6104-41AC-A5D8-B54FA9F696E8}.Debug|Any CPU.Build.0 = Debug|Any CPU
		{49BA1C69-6104-41AC-A5D8-B54FA9F696E8}.Release|Any CPU.ActiveCfg = Release|Any CPU
		{49BA1C69-6104-41AC-A5D8-B54FA9F696E8}.Release|Any CPU.Build.0 = Release|Any CPU
		{49BA1C69-6104-41AC-A5D8-B54FA9F696E8}.ReleaseNET40_Only|Any CPU.ActiveCfg = Release|Any CPU
		{49BA1C69-6104-41AC-A5D8-B54FA9F696E8}.ReleaseNET40_Only|Any CPU.Build.0 = Release|Any CPU
		{E9DF5ED1-4CBD-4226-B931-9A51610AC14D}.Debug|Any CPU.ActiveCfg = Debug|Any CPU
		{E9DF5ED1-4CBD-4226-B931-9A51610AC14D}.Debug|Any CPU.Build.0 = Debug|Any CPU
		{E9DF5ED1-4CBD-4226-B931-9A51610AC14D}.Release|Any CPU.ActiveCfg = Release|Any CPU
		{E9DF5ED1-4CBD-4226-B931-9A51610AC14D}.Release|Any CPU.Build.0 = Release|Any CPU
		{E9DF5ED1-4CBD-4226-B931-9A51610AC14D}.ReleaseNET40_Only|Any CPU.ActiveCfg = ReleaseNET40_Only|Any CPU
		{E9DF5ED1-4CBD-4226-B931-9A51610AC14D}.ReleaseNET40_Only|Any CPU.Build.0 = ReleaseNET40_Only|Any CPU
	EndGlobalSection
	GlobalSection(SolutionProperties) = preSolution
		HideSolutionNode = FALSE
	EndGlobalSection
	GlobalSection(ExtensibilityGlobals) = postSolution
		SolutionGuid = {B3AB1AF3-014D-4962-9282-CB22F82070F7}
	EndGlobalSection
EndGlobal
